// !$*UTF8*$!
{
	archiveVersion = 1;
	classes = {
	};
	objectVersion = 55;
	objects = {

/* Begin PBXBuildFile section */
		4204F7852901410F004FC57C /* Password.c in Sources */ = {isa = PBXBuildFile; fileRef = 4204F7842901410F004FC57C /* Password.c */; };
		4204F7862901410F004FC57C /* Password.c in Sources */ = {isa = PBXBuildFile; fileRef = 4204F7842901410F004FC57C /* Password.c */; };
		422930BD2757198E00B4083C /* TestUnit.m in Sources */ = {isa = PBXBuildFile; fileRef = 422930BC2757198E00B4083C /* TestUnit.m */; };
		422930C127571B3700B4083C /* GetMaxLenthNotTheSameCharSubString.c in Sources */ = {isa = PBXBuildFile; fileRef = 5C7EC7AF275646E1006691F0 /* GetMaxLenthNotTheSameCharSubString.c */; };
		422A463A290128CC003F9597 /* Get1NumberCount.c in Sources */ = {isa = PBXBuildFile; fileRef = 422A4639290128CC003F9597 /* Get1NumberCount.c */; };
		422A463B290128CC003F9597 /* Get1NumberCount.c in Sources */ = {isa = PBXBuildFile; fileRef = 422A4639290128CC003F9597 /* Get1NumberCount.c */; };
		4287453F290B787E008677BC /* SortString.c in Sources */ = {isa = PBXBuildFile; fileRef = 4287453E290B787E008677BC /* SortString.c */; };
		42874540290B787E008677BC /* SortString.c in Sources */ = {isa = PBXBuildFile; fileRef = 4287453E290B787E008677BC /* SortString.c */; };
		42BB3E04291E3EC700E5CCAC /* IntAndIP.c in Sources */ = {isa = PBXBuildFile; fileRef = 42BB3E03291E3EC700E5CCAC /* IntAndIP.c */; };
		42EE73DA28FD4895001DAB91 /* shootingmatch.c in Sources */ = {isa = PBXBuildFile; fileRef = 42EE73D928FD4895001DAB91 /* shootingmatch.c */; };
		42EE73DB28FD4896001DAB91 /* shootingmatch.c in Sources */ = {isa = PBXBuildFile; fileRef = 42EE73D928FD4895001DAB91 /* shootingmatch.c */; };
		42F2EFD028FE3D4E00AF2438 /* shoppinglist.c in Sources */ = {isa = PBXBuildFile; fileRef = 42F2EFCF28FE3D4E00AF2438 /* shoppinglist.c */; };
		42F2EFD128FE3D4E00AF2438 /* shoppinglist.c in Sources */ = {isa = PBXBuildFile; fileRef = 42F2EFCF28FE3D4E00AF2438 /* shoppinglist.c */; };
		5C1D4DC7275C63A40054BB0C /* MinTaps.c in Sources */ = {isa = PBXBuildFile; fileRef = 5C1D4DC6275C63A40054BB0C /* MinTaps.c */; };
		5C1D4DC8275C63A40054BB0C /* MinTaps.c in Sources */ = {isa = PBXBuildFile; fileRef = 5C1D4DC6275C63A40054BB0C /* MinTaps.c */; };
		5C506158275BC682009C5DA8 /* IsPalindrome.c in Sources */ = {isa = PBXBuildFile; fileRef = 5C506157275BC682009C5DA8 /* IsPalindrome.c */; };
		5C506159275BC682009C5DA8 /* IsPalindrome.c in Sources */ = {isa = PBXBuildFile; fileRef = 5C506157275BC682009C5DA8 /* IsPalindrome.c */; };
		5C5422B82758FE070090F40B /* ReverseDataTable.c in Sources */ = {isa = PBXBuildFile; fileRef = 5C5422B72758FE070090F40B /* ReverseDataTable.c */; };
		5C5422B92758FE070090F40B /* ReverseDataTable.c in Sources */ = {isa = PBXBuildFile; fileRef = 5C5422B72758FE070090F40B /* ReverseDataTable.c */; };
		5C5515AC2785734A005F70DF /* CanBeValid.c in Sources */ = {isa = PBXBuildFile; fileRef = 5C5515AB2785734A005F70DF /* CanBeValid.c */; };
		5C5515AD2785734A005F70DF /* CanBeValid.c in Sources */ = {isa = PBXBuildFile; fileRef = 5C5515AB2785734A005F70DF /* CanBeValid.c */; };
		5C7EC7A827564625006691F0 /* main.m in Sources */ = {isa = PBXBuildFile; fileRef = 5C7EC7A727564625006691F0 /* main.m */; };
		5C7EC7B0275646E1006691F0 /* GetMaxLenthNotTheSameCharSubString.c in Sources */ = {isa = PBXBuildFile; fileRef = 5C7EC7AF275646E1006691F0 /* GetMaxLenthNotTheSameCharSubString.c */; };
		5C8D5E77275AF9D5000DDA97 /* CharIsUnique.c in Sources */ = {isa = PBXBuildFile; fileRef = 5C8D5E76275AF9D5000DDA97 /* CharIsUnique.c */; };
		5C8D5E78275AF9D5000DDA97 /* CharIsUnique.c in Sources */ = {isa = PBXBuildFile; fileRef = 5C8D5E76275AF9D5000DDA97 /* CharIsUnique.c */; };
		5CA810A02760E47C009474DC /* SumNumbers.c in Sources */ = {isa = PBXBuildFile; fileRef = 5CA8109F2760E47C009474DC /* SumNumbers.c */; };
		5CA810A12760E47C009474DC /* SumNumbers.c in Sources */ = {isa = PBXBuildFile; fileRef = 5CA8109F2760E47C009474DC /* SumNumbers.c */; };
		5CC264B1278448A0004B79D5 /* FindLengthOfLCIS.c in Sources */ = {isa = PBXBuildFile; fileRef = 5CC264B0278448A0004B79D5 /* FindLengthOfLCIS.c */; };
		5CC264B2278448A3004B79D5 /* FindLengthOfLCIS.c in Sources */ = {isa = PBXBuildFile; fileRef = 5CC264B0278448A0004B79D5 /* FindLengthOfLCIS.c */; };
		5CFD390427622989000F5F6A /* MinScoreTriangulation.c in Sources */ = {isa = PBXBuildFile; fileRef = 5CFD390327622989000F5F6A /* MinScoreTriangulation.c */; };
		5CFD390527622989000F5F6A /* MinScoreTriangulation.c in Sources */ = {isa = PBXBuildFile; fileRef = 5CFD390327622989000F5F6A /* MinScoreTriangulation.c */; };
/* End PBXBuildFile section */

/* Begin PBXCopyFilesBuildPhase section */
		5C7EC7A227564625006691F0 /* CopyFiles */ = {
			isa = PBXCopyFilesBuildPhase;
			buildActionMask = 2147483647;
			dstPath = /usr/share/man/man1/;
			dstSubfolderSpec = 0;
			files = (
			);
			runOnlyForDeploymentPostprocessing = 1;
		};
/* End PBXCopyFilesBuildPhase section */

/* Begin PBXFileReference section */
		4204F7832901410F004FC57C /* Password.h */ = {isa = PBXFileReference; lastKnownFileType = sourcecode.c.h; path = Password.h; sourceTree = "<group>"; };
		4204F7842901410F004FC57C /* Password.c */ = {isa = PBXFileReference; lastKnownFileType = sourcecode.c.c; path = Password.c; sourceTree = "<group>"; };
		422930BA2757198E00B4083C /* TestUnit.xctest */ = {isa = PBXFileReference; explicitFileType = wrapper.cfbundle; includeInIndex = 0; path = TestUnit.xctest; sourceTree = BUILT_PRODUCTS_DIR; };
		422930BC2757198E00B4083C /* TestUnit.m */ = {isa = PBXFileReference; lastKnownFileType = sourcecode.c.objc; path = TestUnit.m; sourceTree = "<group>"; };
		422A4638290128CC003F9597 /* Get1NumberCount.h */ = {isa = PBXFileReference; lastKnownFileType = sourcecode.c.h; path = Get1NumberCount.h; sourceTree = "<group>"; };
		422A4639290128CC003F9597 /* Get1NumberCount.c */ = {isa = PBXFileReference; lastKnownFileType = sourcecode.c.c; path = Get1NumberCount.c; sourceTree = "<group>"; };
		4287453D290B787E008677BC /* SortString.h */ = {isa = PBXFileReference; lastKnownFileType = sourcecode.c.h; path = SortString.h; sourceTree = "<group>"; };
		4287453E290B787E008677BC /* SortString.c */ = {isa = PBXFileReference; lastKnownFileType = sourcecode.c.c; path = SortString.c; sourceTree = "<group>"; };
		42BB3E02291E3EC700E5CCAC /* IntAndIP.h */ = {isa = PBXFileReference; lastKnownFileType = sourcecode.c.h; path = IntAndIP.h; sourceTree = "<group>"; };
		42BB3E03291E3EC700E5CCAC /* IntAndIP.c */ = {isa = PBXFileReference; lastKnownFileType = sourcecode.c.c; path = IntAndIP.c; sourceTree = "<group>"; };
		42EE73D828FD4895001DAB91 /* shootingmatch.h */ = {isa = PBXFileReference; lastKnownFileType = sourcecode.c.h; path = shootingmatch.h; sourceTree = "<group>"; };
		42EE73D928FD4895001DAB91 /* shootingmatch.c */ = {isa = PBXFileReference; lastKnownFileType = sourcecode.c.c; path = shootingmatch.c; sourceTree = "<group>"; };
		42F2EFCE28FE3D4E00AF2438 /* shoppinglist.h */ = {isa = PBXFileReference; lastKnownFileType = sourcecode.c.h; path = shoppinglist.h; sourceTree = "<group>"; };
		42F2EFCF28FE3D4E00AF2438 /* shoppinglist.c */ = {isa = PBXFileReference; lastKnownFileType = sourcecode.c.c; path = shoppinglist.c; sourceTree = "<group>"; };
		5C1D4DC5275C63A40054BB0C /* MinTaps.h */ = {isa = PBXFileReference; lastKnownFileType = sourcecode.c.h; path = MinTaps.h; sourceTree = "<group>"; };
		5C1D4DC6275C63A40054BB0C /* MinTaps.c */ = {isa = PBXFileReference; lastKnownFileType = sourcecode.c.c; path = MinTaps.c; sourceTree = "<group>"; };
		5C506156275BC682009C5DA8 /* IsPalindrome.h */ = {isa = PBXFileReference; lastKnownFileType = sourcecode.c.h; path = IsPalindrome.h; sourceTree = "<group>"; };
		5C506157275BC682009C5DA8 /* IsPalindrome.c */ = {isa = PBXFileReference; lastKnownFileType = sourcecode.c.c; path = IsPalindrome.c; sourceTree = "<group>"; };
		5C5422B62758FE070090F40B /* ReverseDataTable.h */ = {isa = PBXFileReference; lastKnownFileType = sourcecode.c.h; path = ReverseDataTable.h; sourceTree = "<group>"; };
		5C5422B72758FE070090F40B /* ReverseDataTable.c */ = {isa = PBXFileReference; lastKnownFileType = sourcecode.c.c; path = ReverseDataTable.c; sourceTree = "<group>"; };
		5C5515AA2785734A005F70DF /* CanBeValid.h */ = {isa = PBXFileReference; lastKnownFileType = sourcecode.c.h; path = CanBeValid.h; sourceTree = "<group>"; };
		5C5515AB2785734A005F70DF /* CanBeValid.c */ = {isa = PBXFileReference; lastKnownFileType = sourcecode.c.c; path = CanBeValid.c; sourceTree = "<group>"; };
		5C5515AE278575AB005F70DF /* Snip20220105_9.png */ = {isa = PBXFileReference; lastKnownFileType = image.png; path = Snip20220105_9.png; sourceTree = "<group>"; };
		5C7EC7A427564625006691F0 /* DataStructureAndAlgorithms */ = {isa = PBXFileReference; explicitFileType = "compiled.mach-o.executable"; includeInIndex = 0; path = DataStructureAndAlgorithms; sourceTree = BUILT_PRODUCTS_DIR; };
		5C7EC7A727564625006691F0 /* main.m */ = {isa = PBXFileReference; lastKnownFileType = sourcecode.c.objc; path = main.m; sourceTree = "<group>"; };
		5C7EC7AE275646E1006691F0 /* GetMaxLenthNotTheSameCharSubString.h */ = {isa = PBXFileReference; lastKnownFileType = sourcecode.c.h; path = GetMaxLenthNotTheSameCharSubString.h; sourceTree = "<group>"; };
		5C7EC7AF275646E1006691F0 /* GetMaxLenthNotTheSameCharSubString.c */ = {isa = PBXFileReference; lastKnownFileType = sourcecode.c.c; path = GetMaxLenthNotTheSameCharSubString.c; sourceTree = "<group>"; };
		5C8D5E75275AF9D5000DDA97 /* CharIsUnique.h */ = {isa = PBXFileReference; lastKnownFileType = sourcecode.c.h; path = CharIsUnique.h; sourceTree = "<group>"; };
		5C8D5E76275AF9D5000DDA97 /* CharIsUnique.c */ = {isa = PBXFileReference; lastKnownFileType = sourcecode.c.c; path = CharIsUnique.c; sourceTree = "<group>"; };
		5CA8109E2760E47C009474DC /* SumNumbers.h */ = {isa = PBXFileReference; lastKnownFileType = sourcecode.c.h; path = SumNumbers.h; sourceTree = "<group>"; };
		5CA8109F2760E47C009474DC /* SumNumbers.c */ = {isa = PBXFileReference; lastKnownFileType = sourcecode.c.c; path = SumNumbers.c; sourceTree = "<group>"; };
		5CA810A22760E50C009474DC /* Snip20211208_7.png */ = {isa = PBXFileReference; lastKnownFileType = image.png; path = Snip20211208_7.png; sourceTree = "<group>"; };
		5CA810A32760E50C009474DC /* Snip20211208_8.png */ = {isa = PBXFileReference; lastKnownFileType = image.png; path = Snip20211208_8.png; sourceTree = "<group>"; };
		5CC264AF278448A0004B79D5 /* FindLengthOfLCIS.h */ = {isa = PBXFileReference; lastKnownFileType = sourcecode.c.h; path = FindLengthOfLCIS.h; sourceTree = "<group>"; };
		5CC264B0278448A0004B79D5 /* FindLengthOfLCIS.c */ = {isa = PBXFileReference; lastKnownFileType = sourcecode.c.c; path = FindLengthOfLCIS.c; sourceTree = "<group>"; };
		5CFD390227622989000F5F6A /* MinScoreTriangulation.h */ = {isa = PBXFileReference; lastKnownFileType = sourcecode.c.h; path = MinScoreTriangulation.h; sourceTree = "<group>"; };
		5CFD390327622989000F5F6A /* MinScoreTriangulation.c */ = {isa = PBXFileReference; lastKnownFileType = sourcecode.c.c; path = MinScoreTriangulation.c; sourceTree = "<group>"; };
		5CFD390627622A40000F5F6A /* Snip20211209_16.png */ = {isa = PBXFileReference; lastKnownFileType = image.png; path = Snip20211209_16.png; sourceTree = "<group>"; };
/* End PBXFileReference section */

/* Begin PBXFrameworksBuildPhase section */
		422930B72757198E00B4083C /* Frameworks */ = {
			isa = PBXFrameworksBuildPhase;
			buildActionMask = 2147483647;
			files = (
			);
			runOnlyForDeploymentPostprocessing = 0;
		};
		5C7EC7A127564625006691F0 /* Frameworks */ = {
			isa = PBXFrameworksBuildPhase;
			buildActionMask = 2147483647;
			files = (
			);
			runOnlyForDeploymentPostprocessing = 0;
		};
/* End PBXFrameworksBuildPhase section */

/* Begin PBXGroup section */
		4204F782290140F2004FC57C /* 密码验证合格程序 */ = {
			isa = PBXGroup;
			children = (
				4204F7832901410F004FC57C /* Password.h */,
				4204F7842901410F004FC57C /* Password.c */,
			);
			path = "密码验证合格程序";
			sourceTree = "<group>";
		};
		422930BB2757198E00B4083C /* TestUnit */ = {
			isa = PBXGroup;
			children = (
				422930BC2757198E00B4083C /* TestUnit.m */,
			);
			path = TestUnit;
			sourceTree = "<group>";
		};
		422A463729012895003F9597 /* 求int型正整数在内存中存储时1的个数 */ = {
			isa = PBXGroup;
			children = (
				422A4638290128CC003F9597 /* Get1NumberCount.h */,
				422A4639290128CC003F9597 /* Get1NumberCount.c */,
			);
			path = "求int型正整数在内存中存储时1的个数";
			sourceTree = "<group>";
		};
		4287453C290B7866008677BC /* 字符串排序 */ = {
			isa = PBXGroup;
			children = (
				4287453D290B787E008677BC /* SortString.h */,
				4287453E290B787E008677BC /* SortString.c */,
			);
			path = "字符串排序";
			sourceTree = "<group>";
		};
		42BB3E01291E3EA600E5CCAC /* 整数与IP地址间的转换 */ = {
			isa = PBXGroup;
			children = (
				42BB3E02291E3EC700E5CCAC /* IntAndIP.h */,
				42BB3E03291E3EC700E5CCAC /* IntAndIP.c */,
			);
			path = "整数与IP地址间的转换";
			sourceTree = "<group>";
		};
		42EE73D728FD46E8001DAB91 /* 输出降序排名后的选手id序列 */ = {
			isa = PBXGroup;
			children = (
				42EE73D828FD4895001DAB91 /* shootingmatch.h */,
				42EE73D928FD4895001DAB91 /* shootingmatch.c */,
			);
			path = "输出降序排名后的选手id序列";
			sourceTree = "<group>";
		};
		42F2EFCD28FE3D0D00AF2438 /* 最满意购物单 */ = {
			isa = PBXGroup;
			children = (
				42F2EFCE28FE3D4E00AF2438 /* shoppinglist.h */,
				42F2EFCF28FE3D4E00AF2438 /* shoppinglist.c */,
			);
			path = "最满意购物单";
			sourceTree = "<group>";
		};
		5C506155275BC666009C5DA8 /* 验证回文串 */ = {
			isa = PBXGroup;
			children = (
				5C506156275BC682009C5DA8 /* IsPalindrome.h */,
				5C506157275BC682009C5DA8 /* IsPalindrome.c */,
			);
			path = "验证回文串";
			sourceTree = "<group>";
		};
		5C5422B52758FDCE0090F40B /* 反转单向链表 */ = {
			isa = PBXGroup;
			children = (
				5C5422B62758FE070090F40B /* ReverseDataTable.h */,
				5C5422B72758FE070090F40B /* ReverseDataTable.c */,
			);
			path = "反转单向链表";
			sourceTree = "<group>";
		};
		5C5515A927857323005F70DF /* 判断一个括号字符串是否有效 */ = {
			isa = PBXGroup;
			children = (
				5C5515AA2785734A005F70DF /* CanBeValid.h */,
				5C5515AB2785734A005F70DF /* CanBeValid.c */,
				5C5515AE278575AB005F70DF /* Snip20220105_9.png */,
			);
			path = "判断一个括号字符串是否有效";
			sourceTree = "<group>";
		};
		5C7EC79B27564625006691F0 = {
			isa = PBXGroup;
			children = (
				5C7EC7A627564625006691F0 /* DataStructureAndAlgorithms */,
				422930BB2757198E00B4083C /* TestUnit */,
				5C7EC7A527564625006691F0 /* Products */,
			);
			sourceTree = "<group>";
		};
		5C7EC7A527564625006691F0 /* Products */ = {
			isa = PBXGroup;
			children = (
				5C7EC7A427564625006691F0 /* DataStructureAndAlgorithms */,
				422930BA2757198E00B4083C /* TestUnit.xctest */,
			);
			name = Products;
			sourceTree = "<group>";
		};
		5C7EC7A627564625006691F0 /* DataStructureAndAlgorithms */ = {
			isa = PBXGroup;
			children = (
				5C7EC7A727564625006691F0 /* main.m */,
				42BB3E01291E3EA600E5CCAC /* 整数与IP地址间的转换 */,
				4287453C290B7866008677BC /* 字符串排序 */,
				4204F782290140F2004FC57C /* 密码验证合格程序 */,
				422A463729012895003F9597 /* 求int型正整数在内存中存储时1的个数 */,
				42F2EFCD28FE3D0D00AF2438 /* 最满意购物单 */,
				42EE73D728FD46E8001DAB91 /* 输出降序排名后的选手id序列 */,
				5C5515A927857323005F70DF /* 判断一个括号字符串是否有效 */,
				5CC264AE2784487C004B79D5 /* 最长连续递增序列 */,
				5CFD390127622973000F5F6A /* 多边形三角剖分的最低得分 */,
				5CB1CF9E275F9CA3001CBF50 /* 求根节点到叶节点数字之和 */,
				5CED9C0F275C621100C8FFA5 /* 灌溉花园的最少水龙头数目 */,
				5C506155275BC666009C5DA8 /* 验证回文串 */,
				5C8D5E74275AF99D000DDA97 /* 判定字符是否唯一 */,
				5C5422B52758FDCE0090F40B /* 反转单向链表 */,
				5C7EC7B1275646E9006691F0 /* 求字符串中不包含重复字符的最大子字符串长度 */,
			);
			path = DataStructureAndAlgorithms;
			sourceTree = "<group>";
		};
		5C7EC7B1275646E9006691F0 /* 求字符串中不包含重复字符的最大子字符串长度 */ = {
			isa = PBXGroup;
			children = (
				5C7EC7AE275646E1006691F0 /* GetMaxLenthNotTheSameCharSubString.h */,
				5C7EC7AF275646E1006691F0 /* GetMaxLenthNotTheSameCharSubString.c */,
			);
			path = "求字符串中不包含重复字符的最大子字符串长度";
			sourceTree = "<group>";
		};
		5C8D5E74275AF99D000DDA97 /* 判定字符是否唯一 */ = {
			isa = PBXGroup;
			children = (
				5C8D5E75275AF9D5000DDA97 /* CharIsUnique.h */,
				5C8D5E76275AF9D5000DDA97 /* CharIsUnique.c */,
			);
			path = "判定字符是否唯一";
			sourceTree = "<group>";
		};
		5CB1CF9E275F9CA3001CBF50 /* 求根节点到叶节点数字之和 */ = {
			isa = PBXGroup;
			children = (
				5CA8109E2760E47C009474DC /* SumNumbers.h */,
				5CA8109F2760E47C009474DC /* SumNumbers.c */,
				5CA810A22760E50C009474DC /* Snip20211208_7.png */,
				5CA810A32760E50C009474DC /* Snip20211208_8.png */,
			);
			path = "求根节点到叶节点数字之和";
			sourceTree = "<group>";
		};
		5CC264AE2784487C004B79D5 /* 最长连续递增序列 */ = {
			isa = PBXGroup;
			children = (
				5CC264AF278448A0004B79D5 /* FindLengthOfLCIS.h */,
				5CC264B0278448A0004B79D5 /* FindLengthOfLCIS.c */,
			);
			path = "最长连续递增序列";
			sourceTree = "<group>";
		};
		5CED9C0F275C621100C8FFA5 /* 灌溉花园的最少水龙头数目 */ = {
			isa = PBXGroup;
			children = (
				5C1D4DC5275C63A40054BB0C /* MinTaps.h */,
				5C1D4DC6275C63A40054BB0C /* MinTaps.c */,
			);
			path = "灌溉花园的最少水龙头数目";
			sourceTree = "<group>";
		};
		5CFD390127622973000F5F6A /* 多边形三角剖分的最低得分 */ = {
			isa = PBXGroup;
			children = (
				5CFD390227622989000F5F6A /* MinScoreTriangulation.h */,
				5CFD390327622989000F5F6A /* MinScoreTriangulation.c */,
				5CFD390627622A40000F5F6A /* Snip20211209_16.png */,
			);
			path = "多边形三角剖分的最低得分";
			sourceTree = "<group>";
		};
/* End PBXGroup section */

/* Begin PBXNativeTarget section */
		422930B92757198E00B4083C /* TestUnit */ = {
			isa = PBXNativeTarget;
			buildConfigurationList = 422930C02757198E00B4083C /* Build configuration list for PBXNativeTarget "TestUnit" */;
			buildPhases = (
				422930B62757198E00B4083C /* Sources */,
				422930B72757198E00B4083C /* Frameworks */,
				422930B82757198E00B4083C /* Resources */,
			);
			buildRules = (
			);
			dependencies = (
			);
			name = TestUnit;
			productName = TestUnit;
			productReference = 422930BA2757198E00B4083C /* TestUnit.xctest */;
			productType = "com.apple.product-type.bundle.unit-test";
		};
		5C7EC7A327564625006691F0 /* DataStructureAndAlgorithms */ = {
			isa = PBXNativeTarget;
			buildConfigurationList = 5C7EC7AB27564625006691F0 /* Build configuration list for PBXNativeTarget "DataStructureAndAlgorithms" */;
			buildPhases = (
				5C7EC7A027564625006691F0 /* Sources */,
				5C7EC7A127564625006691F0 /* Frameworks */,
				5C7EC7A227564625006691F0 /* CopyFiles */,
			);
			buildRules = (
			);
			dependencies = (
			);
			name = DataStructureAndAlgorithms;
			productName = DataStructureAndAlgorithms;
			productReference = 5C7EC7A427564625006691F0 /* DataStructureAndAlgorithms */;
			productType = "com.apple.product-type.tool";
		};
/* End PBXNativeTarget section */

/* Begin PBXProject section */
		5C7EC79C27564625006691F0 /* Project object */ = {
			isa = PBXProject;
			attributes = {
				BuildIndependentTargetsInParallel = 1;
				LastUpgradeCheck = 1310;
				TargetAttributes = {
					422930B92757198E00B4083C = {
						CreatedOnToolsVersion = 13.1;
					};
					5C7EC7A327564625006691F0 = {
						CreatedOnToolsVersion = 13.1;
					};
				};
			};
			buildConfigurationList = 5C7EC79F27564625006691F0 /* Build configuration list for PBXProject "DataStructureAndAlgorithms" */;
			compatibilityVersion = "Xcode 13.0";
			developmentRegion = en;
			hasScannedForEncodings = 0;
			knownRegions = (
				en,
				Base,
			);
			mainGroup = 5C7EC79B27564625006691F0;
			productRefGroup = 5C7EC7A527564625006691F0 /* Products */;
			projectDirPath = "";
			projectRoot = "";
			targets = (
				5C7EC7A327564625006691F0 /* DataStructureAndAlgorithms */,
				422930B92757198E00B4083C /* TestUnit */,
			);
		};
/* End PBXProject section */

/* Begin PBXResourcesBuildPhase section */
		422930B82757198E00B4083C /* Resources */ = {
			isa = PBXResourcesBuildPhase;
			buildActionMask = 2147483647;
			files = (
			);
			runOnlyForDeploymentPostprocessing = 0;
		};
/* End PBXResourcesBuildPhase section */

/* Begin PBXSourcesBuildPhase section */
		422930B62757198E00B4083C /* Sources */ = {
			isa = PBXSourcesBuildPhase;
			buildActionMask = 2147483647;
			files = (
				5CC264B2278448A3004B79D5 /* FindLengthOfLCIS.c in Sources */,
				5CA810A12760E47C009474DC /* SumNumbers.c in Sources */,
				4204F7862901410F004FC57C /* Password.c in Sources */,
				5CFD390527622989000F5F6A /* MinScoreTriangulation.c in Sources */,
				42F2EFD128FE3D4E00AF2438 /* shoppinglist.c in Sources */,
				5C1D4DC8275C63A40054BB0C /* MinTaps.c in Sources */,
				5C8D5E78275AF9D5000DDA97 /* CharIsUnique.c in Sources */,
				5C506159275BC682009C5DA8 /* IsPalindrome.c in Sources */,
				422930BD2757198E00B4083C /* TestUnit.m in Sources */,
				422930C127571B3700B4083C /* GetMaxLenthNotTheSameCharSubString.c in Sources */,
				422A463B290128CC003F9597 /* Get1NumberCount.c in Sources */,
				5C5515AD2785734A005F70DF /* CanBeValid.c in Sources */,
				5C5422B92758FE070090F40B /* ReverseDataTable.c in Sources */,
				42874540290B787E008677BC /* SortString.c in Sources */,
				42EE73DB28FD4896001DAB91 /* shootingmatch.c in Sources */,
			);
			runOnlyForDeploymentPostprocessing = 0;
		};
		5C7EC7A027564625006691F0 /* Sources */ = {
			isa = PBXSourcesBuildPhase;
			buildActionMask = 2147483647;
			files = (
				5CC264B1278448A0004B79D5 /* FindLengthOfLCIS.c in Sources */,
				5CA810A02760E47C009474DC /* SumNumbers.c in Sources */,
				42BB3E04291E3EC700E5CCAC /* IntAndIP.c in Sources */,
				4204F7852901410F004FC57C /* Password.c in Sources */,
				5CFD390427622989000F5F6A /* MinScoreTriangulation.c in Sources */,
				42F2EFD028FE3D4E00AF2438 /* shoppinglist.c in Sources */,
				5C1D4DC7275C63A40054BB0C /* MinTaps.c in Sources */,
				5C8D5E77275AF9D5000DDA97 /* CharIsUnique.c in Sources */,
				5C506158275BC682009C5DA8 /* IsPalindrome.c in Sources */,
				5C7EC7A827564625006691F0 /* main.m in Sources */,
				5C7EC7B0275646E1006691F0 /* GetMaxLenthNotTheSameCharSubString.c in Sources */,
				422A463A290128CC003F9597 /* Get1NumberCount.c in Sources */,
				5C5515AC2785734A005F70DF /* CanBeValid.c in Sources */,
				5C5422B82758FE070090F40B /* ReverseDataTable.c in Sources */,
				4287453F290B787E008677BC /* SortString.c in Sources */,
				42EE73DA28FD4895001DAB91 /* shootingmatch.c in Sources */,
			);
			runOnlyForDeploymentPostprocessing = 0;
		};
/* End PBXSourcesBuildPhase section */

/* Begin XCBuildConfiguration section */
		422930BE2757198E00B4083C /* Debug */ = {
			isa = XCBuildConfiguration;
			buildSettings = {
				CODE_SIGN_STYLE = Automatic;
				COMBINE_HIDPI_IMAGES = YES;
				CURRENT_PROJECT_VERSION = 1;
				DEVELOPMENT_TEAM = 6QL8778DJ3;
				GENERATE_INFOPLIST_FILE = YES;
				LD_RUNPATH_SEARCH_PATHS = (
					"$(inherited)",
					"@executable_path/../Frameworks",
					"@loader_path/../Frameworks",
				);
				MARKETING_VERSION = 1.0;
				PRODUCT_BUNDLE_IDENTIFIER = gituhub.com.TestUnit;
				PRODUCT_NAME = "$(TARGET_NAME)";
				SWIFT_EMIT_LOC_STRINGS = NO;
			};
			name = Debug;
		};
		422930BF2757198E00B4083C /* Release */ = {
			isa = XCBuildConfiguration;
			buildSettings = {
				CODE_SIGN_STYLE = Automatic;
				COMBINE_HIDPI_IMAGES = YES;
				CURRENT_PROJECT_VERSION = 1;
				DEVELOPMENT_TEAM = 6QL8778DJ3;
				GENERATE_INFOPLIST_FILE = YES;
				LD_RUNPATH_SEARCH_PATHS = (
					"$(inherited)",
					"@executable_path/../Frameworks",
					"@loader_path/../Frameworks",
				);
				MARKETING_VERSION = 1.0;
				PRODUCT_BUNDLE_IDENTIFIER = gituhub.com.TestUnit;
				PRODUCT_NAME = "$(TARGET_NAME)";
				SWIFT_EMIT_LOC_STRINGS = NO;
			};
			name = Release;
		};
		5C7EC7A927564625006691F0 /* Debug */ = {
			isa = XCBuildConfiguration;
			buildSettings = {
				ALWAYS_SEARCH_USER_PATHS = NO;
				CLANG_ANALYZER_NONNULL = YES;
				CLANG_ANALYZER_NUMBER_OBJECT_CONVERSION = YES_AGGRESSIVE;
				CLANG_CXX_LANGUAGE_STANDARD = "gnu++17";
				CLANG_CXX_LIBRARY = "libc++";
				CLANG_ENABLE_MODULES = YES;
				CLANG_ENABLE_OBJC_ARC = YES;
				CLANG_ENABLE_OBJC_WEAK = YES;
				CLANG_WARN_BLOCK_CAPTURE_AUTORELEASING = YES;
				CLANG_WARN_BOOL_CONVERSION = YES;
				CLANG_WARN_COMMA = YES;
				CLANG_WARN_CONSTANT_CONVERSION = YES;
				CLANG_WARN_DEPRECATED_OBJC_IMPLEMENTATIONS = YES;
				CLANG_WARN_DIRECT_OBJC_ISA_USAGE = YES_ERROR;
				CLANG_WARN_DOCUMENTATION_COMMENTS = YES;
				CLANG_WARN_EMPTY_BODY = YES;
				CLANG_WARN_ENUM_CONVERSION = YES;
				CLANG_WARN_INFINITE_RECURSION = YES;
				CLANG_WARN_INT_CONVERSION = YES;
				CLANG_WARN_NON_LITERAL_NULL_CONVERSION = YES;
				CLANG_WARN_OBJC_IMPLICIT_RETAIN_SELF = YES;
				CLANG_WARN_OBJC_LITERAL_CONVERSION = YES;
				CLANG_WARN_OBJC_ROOT_CLASS = YES_ERROR;
				CLANG_WARN_QUOTED_INCLUDE_IN_FRAMEWORK_HEADER = YES;
				CLANG_WARN_RANGE_LOOP_ANALYSIS = YES;
				CLANG_WARN_STRICT_PROTOTYPES = YES;
				CLANG_WARN_SUSPICIOUS_MOVE = YES;
				CLANG_WARN_UNGUARDED_AVAILABILITY = YES_AGGRESSIVE;
				CLANG_WARN_UNREACHABLE_CODE = YES;
				CLANG_WARN__DUPLICATE_METHOD_MATCH = YES;
				COPY_PHASE_STRIP = NO;
				DEBUG_INFORMATION_FORMAT = dwarf;
				ENABLE_STRICT_OBJC_MSGSEND = YES;
				ENABLE_TESTABILITY = YES;
				GCC_C_LANGUAGE_STANDARD = gnu11;
				GCC_DYNAMIC_NO_PIC = NO;
				GCC_NO_COMMON_BLOCKS = YES;
				GCC_OPTIMIZATION_LEVEL = 0;
				GCC_PREPROCESSOR_DEFINITIONS = (
					"DEBUG=1",
					"$(inherited)",
				);
				GCC_WARN_64_TO_32_BIT_CONVERSION = YES;
				GCC_WARN_ABOUT_RETURN_TYPE = YES_ERROR;
				GCC_WARN_UNDECLARED_SELECTOR = YES;
				GCC_WARN_UNINITIALIZED_AUTOS = YES_AGGRESSIVE;
				GCC_WARN_UNUSED_FUNCTION = YES;
				GCC_WARN_UNUSED_VARIABLE = YES;
				MACOSX_DEPLOYMENT_TARGET = 12.0;
				MTL_ENABLE_DEBUG_INFO = INCLUDE_SOURCE;
				MTL_FAST_MATH = YES;
				ONLY_ACTIVE_ARCH = YES;
				SDKROOT = macosx;
			};
			name = Debug;
		};
		5C7EC7AA27564625006691F0 /* Release */ = {
			isa = XCBuildConfiguration;
			buildSettings = {
				ALWAYS_SEARCH_USER_PATHS = NO;
				CLANG_ANALYZER_NONNULL = YES;
				CLANG_ANALYZER_NUMBER_OBJECT_CONVERSION = YES_AGGRESSIVE;
				CLANG_CXX_LANGUAGE_STANDARD = "gnu++17";
				CLANG_CXX_LIBRARY = "libc++";
				CLANG_ENABLE_MODULES = YES;
				CLANG_ENABLE_OBJC_ARC = YES;
				CLANG_ENABLE_OBJC_WEAK = YES;
				CLANG_WARN_BLOCK_CAPTURE_AUTORELEASING = YES;
				CLANG_WARN_BOOL_CONVERSION = YES;
				CLANG_WARN_COMMA = YES;
				CLANG_WARN_CONSTANT_CONVERSION = YES;
				CLANG_WARN_DEPRECATED_OBJC_IMPLEMENTATIONS = YES;
				CLANG_WARN_DIRECT_OBJC_ISA_USAGE = YES_ERROR;
				CLANG_WARN_DOCUMENTATION_COMMENTS = YES;
				CLANG_WARN_EMPTY_BODY = YES;
				CLANG_WARN_ENUM_CONVERSION = YES;
				CLANG_WARN_INFINITE_RECURSION = YES;
				CLANG_WARN_INT_CONVERSION = YES;
				CLANG_WARN_NON_LITERAL_NULL_CONVERSION = YES;
				CLANG_WARN_OBJC_IMPLICIT_RETAIN_SELF = YES;
				CLANG_WARN_OBJC_LITERAL_CONVERSION = YES;
				CLANG_WARN_OBJC_ROOT_CLASS = YES_ERROR;
				CLANG_WARN_QUOTED_INCLUDE_IN_FRAMEWORK_HEADER = YES;
				CLANG_WARN_RANGE_LOOP_ANALYSIS = YES;
				CLANG_WARN_STRICT_PROTOTYPES = YES;
				CLANG_WARN_SUSPICIOUS_MOVE = YES;
				CLANG_WARN_UNGUARDED_AVAILABILITY = YES_AGGRESSIVE;
				CLANG_WARN_UNREACHABLE_CODE = YES;
				CLANG_WARN__DUPLICATE_METHOD_MATCH = YES;
				COPY_PHASE_STRIP = NO;
				DEBUG_INFORMATION_FORMAT = "dwarf-with-dsym";
				ENABLE_NS_ASSERTIONS = NO;
				ENABLE_STRICT_OBJC_MSGSEND = YES;
				GCC_C_LANGUAGE_STANDARD = gnu11;
				GCC_NO_COMMON_BLOCKS = YES;
				GCC_WARN_64_TO_32_BIT_CONVERSION = YES;
				GCC_WARN_ABOUT_RETURN_TYPE = YES_ERROR;
				GCC_WARN_UNDECLARED_SELECTOR = YES;
				GCC_WARN_UNINITIALIZED_AUTOS = YES_AGGRESSIVE;
				GCC_WARN_UNUSED_FUNCTION = YES;
				GCC_WARN_UNUSED_VARIABLE = YES;
				MACOSX_DEPLOYMENT_TARGET = 12.0;
				MTL_ENABLE_DEBUG_INFO = NO;
				MTL_FAST_MATH = YES;
				SDKROOT = macosx;
			};
			name = Release;
		};
		5C7EC7AC27564625006691F0 /* Debug */ = {
			isa = XCBuildConfiguration;
			buildSettings = {
				CODE_SIGN_STYLE = Automatic;
				DEVELOPMENT_TEAM = "";
				ENABLE_HARDENED_RUNTIME = YES;
				PRODUCT_NAME = "$(TARGET_NAME)";
			};
			name = Debug;
		};
		5C7EC7AD27564625006691F0 /* Release */ = {
			isa = XCBuildConfiguration;
			buildSettings = {
				CODE_SIGN_STYLE = Automatic;
				DEVELOPMENT_TEAM = "";
				ENABLE_HARDENED_RUNTIME = YES;
				PRODUCT_NAME = "$(TARGET_NAME)";
			};
			name = Release;
		};
/* End XCBuildConfiguration section */

/* Begin XCConfigurationList section */
		422930C02757198E00B4083C /* Build configuration list for PBXNativeTarget "TestUnit" */ = {
			isa = XCConfigurationList;
			buildConfigurations = (
				422930BE2757198E00B4083C /* Debug */,
				422930BF2757198E00B4083C /* Release */,
			);
			defaultConfigurationIsVisible = 0;
			defaultConfigurationName = Release;
		};
		5C7EC79F27564625006691F0 /* Build configuration list for PBXProject "DataStructureAndAlgorithms" */ = {
			isa = XCConfigurationList;
			buildConfigurations = (
				5C7EC7A927564625006691F0 /* Debug */,
				5C7EC7AA27564625006691F0 /* Release */,
			);
			defaultConfigurationIsVisible = 0;
			defaultConfigurationName = Release;
		};
		5C7EC7AB27564625006691F0 /* Build configuration list for PBXNativeTarget "DataStructureAndAlgorithms" */ = {
			isa = XCConfigurationList;
			buildConfigurations = (
				5C7EC7AC27564625006691F0 /* Debug */,
				5C7EC7AD27564625006691F0 /* Release */,
			);
			defaultConfigurationIsVisible = 0;
			defaultConfigurationName = Release;
		};
/* End XCConfigurationList section */
	};
	rootObject = 5C7EC79C27564625006691F0 /* Project object */;
}
