// !$*UTF8*$!
{
	archiveVersion = 1;
	classes = {
	};
	objectVersion = 55;
	objects = {

/* Begin PBXBuildFile section */
		422930BD2757198E00B4083C /* TestUnit.m in Sources */ = {isa = PBXBuildFile; fileRef = 422930BC2757198E00B4083C /* TestUnit.m */; };
		422930C127571B3700B4083C /* GetMaxLenthNotTheSameCharSubString.c in Sources */ = {isa = PBXBuildFile; fileRef = 5C7EC7AF275646E1006691F0 /* GetMaxLenthNotTheSameCharSubString.c */; };
		5C7EC7A827564625006691F0 /* main.m in Sources */ = {isa = PBXBuildFile; fileRef = 5C7EC7A727564625006691F0 /* main.m */; };
		5C7EC7B0275646E1006691F0 /* GetMaxLenthNotTheSameCharSubString.c in Sources */ = {isa = PBXBuildFile; fileRef = 5C7EC7AF275646E1006691F0 /* GetMaxLenthNotTheSameCharSubString.c */; };
/* End PBXBuildFile section */

/* Begin PBXCopyFilesBuildPhase section */
		5C7EC7A227564625006691F0 /* CopyFiles */ = {
			isa = PBXCopyFilesBuildPhase;
			buildActionMask = 2147483647;
			dstPath = /usr/share/man/man1/;
			dstSubfolderSpec = 0;
			files = (
			);
			runOnlyForDeploymentPostprocessing = 1;
		};
/* End PBXCopyFilesBuildPhase section */

/* Begin PBXFileReference section */
		422930BA2757198E00B4083C /* TestUnit.xctest */ = {isa = PBXFileReference; explicitFileType = wrapper.cfbundle; includeInIndex = 0; path = TestUnit.xctest; sourceTree = BUILT_PRODUCTS_DIR; };
		422930BC2757198E00B4083C /* TestUnit.m */ = {isa = PBXFileReference; lastKnownFileType = sourcecode.c.objc; path = TestUnit.m; sourceTree = "<group>"; };
		5C7EC7A427564625006691F0 /* DataStructureAndAlgorithms */ = {isa = PBXFileReference; explicitFileType = "compiled.mach-o.executable"; includeInIndex = 0; path = DataStructureAndAlgorithms; sourceTree = BUILT_PRODUCTS_DIR; };
		5C7EC7A727564625006691F0 /* main.m */ = {isa = PBXFileReference; lastKnownFileType = sourcecode.c.objc; path = main.m; sourceTree = "<group>"; };
		5C7EC7AE275646E1006691F0 /* GetMaxLenthNotTheSameCharSubString.h */ = {isa = PBXFileReference; lastKnownFileType = sourcecode.c.h; path = GetMaxLenthNotTheSameCharSubString.h; sourceTree = "<group>"; };
		5C7EC7AF275646E1006691F0 /* GetMaxLenthNotTheSameCharSubString.c */ = {isa = PBXFileReference; lastKnownFileType = sourcecode.c.c; path = GetMaxLenthNotTheSameCharSubString.c; sourceTree = "<group>"; };
/* End PBXFileReference section */

/* Begin PBXFrameworksBuildPhase section */
		422930B72757198E00B4083C /* Frameworks */ = {
			isa = PBXFrameworksBuildPhase;
			buildActionMask = 2147483647;
			files = (
			);
			runOnlyForDeploymentPostprocessing = 0;
		};
		5C7EC7A127564625006691F0 /* Frameworks */ = {
			isa = PBXFrameworksBuildPhase;
			buildActionMask = 2147483647;
			files = (
			);
			runOnlyForDeploymentPostprocessing = 0;
		};
/* End PBXFrameworksBuildPhase section */

/* Begin PBXGroup section */
		422930BB2757198E00B4083C /* TestUnit */ = {
			isa = PBXGroup;
			children = (
				422930BC2757198E00B4083C /* TestUnit.m */,
			);
			path = TestUnit;
			sourceTree = "<group>";
		};
		5C7EC79B27564625006691F0 = {
			isa = PBXGroup;
			children = (
				5C7EC7A627564625006691F0 /* DataStructureAndAlgorithms */,
				422930BB2757198E00B4083C /* TestUnit */,
				5C7EC7A527564625006691F0 /* Products */,
			);
			sourceTree = "<group>";
		};
		5C7EC7A527564625006691F0 /* Products */ = {
			isa = PBXGroup;
			children = (
				5C7EC7A427564625006691F0 /* DataStructureAndAlgorithms */,
				422930BA2757198E00B4083C /* TestUnit.xctest */,
			);
			name = Products;
			sourceTree = "<group>";
		};
		5C7EC7A627564625006691F0 /* DataStructureAndAlgorithms */ = {
			isa = PBXGroup;
			children = (
				5C7EC7A727564625006691F0 /* main.m */,
				5C7EC7B1275646E9006691F0 /* 求字符串中不包含重复字符的最大子字符串长度 */,
			);
			path = DataStructureAndAlgorithms;
			sourceTree = "<group>";
		};
		5C7EC7B1275646E9006691F0 /* 求字符串中不包含重复字符的最大子字符串长度 */ = {
			isa = PBXGroup;
			children = (
				5C7EC7AE275646E1006691F0 /* GetMaxLenthNotTheSameCharSubString.h */,
				5C7EC7AF275646E1006691F0 /* GetMaxLenthNotTheSameCharSubString.c */,
			);
			path = "求字符串中不包含重复字符的最大子字符串长度";
			sourceTree = "<group>";
		};
/* End PBXGroup section */

/* Begin PBXNativeTarget section */
		422930B92757198E00B4083C /* TestUnit */ = {
			isa = PBXNativeTarget;
			buildConfigurationList = 422930C02757198E00B4083C /* Build configuration list for PBXNativeTarget "TestUnit" */;
			buildPhases = (
				422930B62757198E00B4083C /* Sources */,
				422930B72757198E00B4083C /* Frameworks */,
				422930B82757198E00B4083C /* Resources */,
			);
			buildRules = (
			);
			dependencies = (
			);
			name = TestUnit;
			productName = TestUnit;
			productReference = 422930BA2757198E00B4083C /* TestUnit.xctest */;
			productType = "com.apple.product-type.bundle.unit-test";
		};
		5C7EC7A327564625006691F0 /* DataStructureAndAlgorithms */ = {
			isa = PBXNativeTarget;
			buildConfigurationList = 5C7EC7AB27564625006691F0 /* Build configuration list for PBXNativeTarget "DataStructureAndAlgorithms" */;
			buildPhases = (
				5C7EC7A027564625006691F0 /* Sources */,
				5C7EC7A127564625006691F0 /* Frameworks */,
				5C7EC7A227564625006691F0 /* CopyFiles */,
			);
			buildRules = (
			);
			dependencies = (
			);
			name = DataStructureAndAlgorithms;
			productName = DataStructureAndAlgorithms;
			productReference = 5C7EC7A427564625006691F0 /* DataStructureAndAlgorithms */;
			productType = "com.apple.product-type.tool";
		};
/* End PBXNativeTarget section */

/* Begin PBXProject section */
		5C7EC79C27564625006691F0 /* Project object */ = {
			isa = PBXProject;
			attributes = {
				BuildIndependentTargetsInParallel = 1;
				LastUpgradeCheck = 1310;
				TargetAttributes = {
					422930B92757198E00B4083C = {
						CreatedOnToolsVersion = 13.1;
					};
					5C7EC7A327564625006691F0 = {
						CreatedOnToolsVersion = 13.1;
					};
				};
			};
			buildConfigurationList = 5C7EC79F27564625006691F0 /* Build configuration list for PBXProject "DataStructureAndAlgorithms" */;
			compatibilityVersion = "Xcode 13.0";
			developmentRegion = en;
			hasScannedForEncodings = 0;
			knownRegions = (
				en,
				Base,
			);
			mainGroup = 5C7EC79B27564625006691F0;
			productRefGroup = 5C7EC7A527564625006691F0 /* Products */;
			projectDirPath = "";
			projectRoot = "";
			targets = (
				5C7EC7A327564625006691F0 /* DataStructureAndAlgorithms */,
				422930B92757198E00B4083C /* TestUnit */,
			);
		};
/* End PBXProject section */

/* Begin PBXResourcesBuildPhase section */
		422930B82757198E00B4083C /* Resources */ = {
			isa = PBXResourcesBuildPhase;
			buildActionMask = 2147483647;
			files = (
			);
			runOnlyForDeploymentPostprocessing = 0;
		};
/* End PBXResourcesBuildPhase section */

/* Begin PBXSourcesBuildPhase section */
		422930B62757198E00B4083C /* Sources */ = {
			isa = PBXSourcesBuildPhase;
			buildActionMask = 2147483647;
			files = (
				422930BD2757198E00B4083C /* TestUnit.m in Sources */,
				422930C127571B3700B4083C /* GetMaxLenthNotTheSameCharSubString.c in Sources */,
			);
			runOnlyForDeploymentPostprocessing = 0;
		};
		5C7EC7A027564625006691F0 /* Sources */ = {
			isa = PBXSourcesBuildPhase;
			buildActionMask = 2147483647;
			files = (
				5C7EC7A827564625006691F0 /* main.m in Sources */,
				5C7EC7B0275646E1006691F0 /* GetMaxLenthNotTheSameCharSubString.c in Sources */,
			);
			runOnlyForDeploymentPostprocessing = 0;
		};
/* End PBXSourcesBuildPhase section */

/* Begin XCBuildConfiguration section */
		422930BE2757198E00B4083C /* Debug */ = {
			isa = XCBuildConfiguration;
			buildSettings = {
				CODE_SIGN_STYLE = Automatic;
				COMBINE_HIDPI_IMAGES = YES;
				CURRENT_PROJECT_VERSION = 1;
				DEVELOPMENT_TEAM = 6QL8778DJ3;
				GENERATE_INFOPLIST_FILE = YES;
				LD_RUNPATH_SEARCH_PATHS = (
					"$(inherited)",
					"@executable_path/../Frameworks",
					"@loader_path/../Frameworks",
				);
				MARKETING_VERSION = 1.0;
				PRODUCT_BUNDLE_IDENTIFIER = gituhub.com.TestUnit;
				PRODUCT_NAME = "$(TARGET_NAME)";
				SWIFT_EMIT_LOC_STRINGS = NO;
			};
			name = Debug;
		};
		422930BF2757198E00B4083C /* Release */ = {
			isa = XCBuildConfiguration;
			buildSettings = {
				CODE_SIGN_STYLE = Automatic;
				COMBINE_HIDPI_IMAGES = YES;
				CURRENT_PROJECT_VERSION = 1;
				DEVELOPMENT_TEAM = 6QL8778DJ3;
				GENERATE_INFOPLIST_FILE = YES;
				LD_RUNPATH_SEARCH_PATHS = (
					"$(inherited)",
					"@executable_path/../Frameworks",
					"@loader_path/../Frameworks",
				);
				MARKETING_VERSION = 1.0;
				PRODUCT_BUNDLE_IDENTIFIER = gituhub.com.TestUnit;
				PRODUCT_NAME = "$(TARGET_NAME)";
				SWIFT_EMIT_LOC_STRINGS = NO;
			};
			name = Release;
		};
		5C7EC7A927564625006691F0 /* Debug */ = {
			isa = XCBuildConfiguration;
			buildSettings = {
				ALWAYS_SEARCH_USER_PATHS = NO;
				CLANG_ANALYZER_NONNULL = YES;
				CLANG_ANALYZER_NUMBER_OBJECT_CONVERSION = YES_AGGRESSIVE;
				CLANG_CXX_LANGUAGE_STANDARD = "gnu++17";
				CLANG_CXX_LIBRARY = "libc++";
				CLANG_ENABLE_MODULES = YES;
				CLANG_ENABLE_OBJC_ARC = YES;
				CLANG_ENABLE_OBJC_WEAK = YES;
				CLANG_WARN_BLOCK_CAPTURE_AUTORELEASING = YES;
				CLANG_WARN_BOOL_CONVERSION = YES;
				CLANG_WARN_COMMA = YES;
				CLANG_WARN_CONSTANT_CONVERSION = YES;
				CLANG_WARN_DEPRECATED_OBJC_IMPLEMENTATIONS = YES;
				CLANG_WARN_DIRECT_OBJC_ISA_USAGE = YES_ERROR;
				CLANG_WARN_DOCUMENTATION_COMMENTS = YES;
				CLANG_WARN_EMPTY_BODY = YES;
				CLANG_WARN_ENUM_CONVERSION = YES;
				CLANG_WARN_INFINITE_RECURSION = YES;
				CLANG_WARN_INT_CONVERSION = YES;
				CLANG_WARN_NON_LITERAL_NULL_CONVERSION = YES;
				CLANG_WARN_OBJC_IMPLICIT_RETAIN_SELF = YES;
				CLANG_WARN_OBJC_LITERAL_CONVERSION = YES;
				CLANG_WARN_OBJC_ROOT_CLASS = YES_ERROR;
				CLANG_WARN_QUOTED_INCLUDE_IN_FRAMEWORK_HEADER = YES;
				CLANG_WARN_RANGE_LOOP_ANALYSIS = YES;
				CLANG_WARN_STRICT_PROTOTYPES = YES;
				CLANG_WARN_SUSPICIOUS_MOVE = YES;
				CLANG_WARN_UNGUARDED_AVAILABILITY = YES_AGGRESSIVE;
				CLANG_WARN_UNREACHABLE_CODE = YES;
				CLANG_WARN__DUPLICATE_METHOD_MATCH = YES;
				COPY_PHASE_STRIP = NO;
				DEBUG_INFORMATION_FORMAT = dwarf;
				ENABLE_STRICT_OBJC_MSGSEND = YES;
				ENABLE_TESTABILITY = YES;
				GCC_C_LANGUAGE_STANDARD = gnu11;
				GCC_DYNAMIC_NO_PIC = NO;
				GCC_NO_COMMON_BLOCKS = YES;
				GCC_OPTIMIZATION_LEVEL = 0;
				GCC_PREPROCESSOR_DEFINITIONS = (
					"DEBUG=1",
					"$(inherited)",
				);
				GCC_WARN_64_TO_32_BIT_CONVERSION = YES;
				GCC_WARN_ABOUT_RETURN_TYPE = YES_ERROR;
				GCC_WARN_UNDECLARED_SELECTOR = YES;
				GCC_WARN_UNINITIALIZED_AUTOS = YES_AGGRESSIVE;
				GCC_WARN_UNUSED_FUNCTION = YES;
				GCC_WARN_UNUSED_VARIABLE = YES;
				MACOSX_DEPLOYMENT_TARGET = 12.0;
				MTL_ENABLE_DEBUG_INFO = INCLUDE_SOURCE;
				MTL_FAST_MATH = YES;
				ONLY_ACTIVE_ARCH = YES;
				SDKROOT = macosx;
			};
			name = Debug;
		};
		5C7EC7AA27564625006691F0 /* Release */ = {
			isa = XCBuildConfiguration;
			buildSettings = {
				ALWAYS_SEARCH_USER_PATHS = NO;
				CLANG_ANALYZER_NONNULL = YES;
				CLANG_ANALYZER_NUMBER_OBJECT_CONVERSION = YES_AGGRESSIVE;
				CLANG_CXX_LANGUAGE_STANDARD = "gnu++17";
				CLANG_CXX_LIBRARY = "libc++";
				CLANG_ENABLE_MODULES = YES;
				CLANG_ENABLE_OBJC_ARC = YES;
				CLANG_ENABLE_OBJC_WEAK = YES;
				CLANG_WARN_BLOCK_CAPTURE_AUTORELEASING = YES;
				CLANG_WARN_BOOL_CONVERSION = YES;
				CLANG_WARN_COMMA = YES;
				CLANG_WARN_CONSTANT_CONVERSION = YES;
				CLANG_WARN_DEPRECATED_OBJC_IMPLEMENTATIONS = YES;
				CLANG_WARN_DIRECT_OBJC_ISA_USAGE = YES_ERROR;
				CLANG_WARN_DOCUMENTATION_COMMENTS = YES;
				CLANG_WARN_EMPTY_BODY = YES;
				CLANG_WARN_ENUM_CONVERSION = YES;
				CLANG_WARN_INFINITE_RECURSION = YES;
				CLANG_WARN_INT_CONVERSION = YES;
				CLANG_WARN_NON_LITERAL_NULL_CONVERSION = YES;
				CLANG_WARN_OBJC_IMPLICIT_RETAIN_SELF = YES;
				CLANG_WARN_OBJC_LITERAL_CONVERSION = YES;
				CLANG_WARN_OBJC_ROOT_CLASS = YES_ERROR;
				CLANG_WARN_QUOTED_INCLUDE_IN_FRAMEWORK_HEADER = YES;
				CLANG_WARN_RANGE_LOOP_ANALYSIS = YES;
				CLANG_WARN_STRICT_PROTOTYPES = YES;
				CLANG_WARN_SUSPICIOUS_MOVE = YES;
				CLANG_WARN_UNGUARDED_AVAILABILITY = YES_AGGRESSIVE;
				CLANG_WARN_UNREACHABLE_CODE = YES;
				CLANG_WARN__DUPLICATE_METHOD_MATCH = YES;
				COPY_PHASE_STRIP = NO;
				DEBUG_INFORMATION_FORMAT = "dwarf-with-dsym";
				ENABLE_NS_ASSERTIONS = NO;
				ENABLE_STRICT_OBJC_MSGSEND = YES;
				GCC_C_LANGUAGE_STANDARD = gnu11;
				GCC_NO_COMMON_BLOCKS = YES;
				GCC_WARN_64_TO_32_BIT_CONVERSION = YES;
				GCC_WARN_ABOUT_RETURN_TYPE = YES_ERROR;
				GCC_WARN_UNDECLARED_SELECTOR = YES;
				GCC_WARN_UNINITIALIZED_AUTOS = YES_AGGRESSIVE;
				GCC_WARN_UNUSED_FUNCTION = YES;
				GCC_WARN_UNUSED_VARIABLE = YES;
				MACOSX_DEPLOYMENT_TARGET = 12.0;
				MTL_ENABLE_DEBUG_INFO = NO;
				MTL_FAST_MATH = YES;
				SDKROOT = macosx;
			};
			name = Release;
		};
		5C7EC7AC27564625006691F0 /* Debug */ = {
			isa = XCBuildConfiguration;
			buildSettings = {
				CODE_SIGN_STYLE = Automatic;
				DEVELOPMENT_TEAM = S5BVK59226;
				ENABLE_HARDENED_RUNTIME = YES;
				PRODUCT_NAME = "$(TARGET_NAME)";
			};
			name = Debug;
		};
		5C7EC7AD27564625006691F0 /* Release */ = {
			isa = XCBuildConfiguration;
			buildSettings = {
				CODE_SIGN_STYLE = Automatic;
				DEVELOPMENT_TEAM = S5BVK59226;
				ENABLE_HARDENED_RUNTIME = YES;
				PRODUCT_NAME = "$(TARGET_NAME)";
			};
			name = Release;
		};
/* End XCBuildConfiguration section */

/* Begin XCConfigurationList section */
		422930C02757198E00B4083C /* Build configuration list for PBXNativeTarget "TestUnit" */ = {
			isa = XCConfigurationList;
			buildConfigurations = (
				422930BE2757198E00B4083C /* Debug */,
				422930BF2757198E00B4083C /* Release */,
			);
			defaultConfigurationIsVisible = 0;
			defaultConfigurationName = Release;
		};
		5C7EC79F27564625006691F0 /* Build configuration list for PBXProject "DataStructureAndAlgorithms" */ = {
			isa = XCConfigurationList;
			buildConfigurations = (
				5C7EC7A927564625006691F0 /* Debug */,
				5C7EC7AA27564625006691F0 /* Release */,
			);
			defaultConfigurationIsVisible = 0;
			defaultConfigurationName = Release;
		};
		5C7EC7AB27564625006691F0 /* Build configuration list for PBXNativeTarget "DataStructureAndAlgorithms" */ = {
			isa = XCConfigurationList;
			buildConfigurations = (
				5C7EC7AC27564625006691F0 /* Debug */,
				5C7EC7AD27564625006691F0 /* Release */,
			);
			defaultConfigurationIsVisible = 0;
			defaultConfigurationName = Release;
		};
/* End XCConfigurationList section */
	};
	rootObject = 5C7EC79C27564625006691F0 /* Project object */;
}
